
Microsoft Visual Studio Solution File, Format Version 12.00
# Visual Studio Version 17
VisualStudioVersion = 17.5.33530.505
MinimumVisualStudioVersion = 10.0.40219.1
Project("{FAE04EC0-301F-11D3-BF4B-00C04F79EFBC}") = "Reservico.Api", "Reservico.Api\Reservico.Api.csproj", "{4B9771CC-4F58-48FD-880E-C752F3B0DC1A}"
EndProject
Global
	GlobalSection(SolutionConfigurationPlatforms) = preSolution
		Debug|Any CPU = Debug|Any CPU
		Release|Any CPU = Release|Any CPU
	EndGlobalSection
	GlobalSection(ProjectConfigurationPlatforms) = postSolution
		{4B9771CC-4F58-48FD-880E-C752F3B0DC1A}.Debug|Any CPU.ActiveCfg = Debug|Any CPU
		{4B9771CC-4F58-48FD-880E-C752F3B0DC1A}.Debug|Any CPU.Build.0 = Debug|Any CPU
		{4B9771CC-4F58-48FD-880E-C752F3B0DC1A}.Release|Any CPU.ActiveCfg = Release|Any CPU
		{4B9771CC-4F58-48FD-880E-C752F3B0DC1A}.Release|Any CPU.Build.0 = Release|Any CPU
	EndGlobalSection
	GlobalSection(SolutionProperties) = preSolution
		HideSolutionNode = FALSE
	EndGlobalSection
	GlobalSection(ExtensibilityGlobals) = postSolution
		SolutionGuid = {7F1EFBBD-749B-4AFC-B7C5-DB429404AD94}
	EndGlobalSection
EndGlobal
